
Microsoft Visual Studio Solution File, Format Version 12.00
# Visual Studio Version 17
VisualStudioVersion = 17.0.32112.339
MinimumVisualStudioVersion = 10.0.40219.1
Project("{9A19103F-16F7-4668-BE54-9A1E7A4F7556}") = "Test", "Test.csproj", "{FC6DDD5A-4231-47EC-BDB6-6D579EE9077F}"
EndProject
Project("{FAE04EC0-301F-11D3-BF4B-00C04F79EFBC}") = "Test1", "Test1\Test1.csproj", "{B3506D4A-2398-450B-B8AD-B70398A10A01}"
EndProject
Global
	GlobalSection(SolutionConfigurationPlatforms) = preSolution
		Debug|Any CPU = Debug|Any CPU
		Release|Any CPU = Release|Any CPU
	EndGlobalSection
	GlobalSection(ProjectConfigurationPlatforms) = postSolution
		{FC6DDD5A-4231-47EC-BDB6-6D579EE9077F}.Debug|Any CPU.ActiveCfg = Debug|Any CPU
		{FC6DDD5A-4231-47EC-BDB6-6D579EE9077F}.Debug|Any CPU.Build.0 = Debug|Any CPU
		{FC6DDD5A-4231-47EC-BDB6-6D579EE9077F}.Release|Any CPU.ActiveCfg = Release|Any CPU
		{FC6DDD5A-4231-47EC-BDB6-6D579EE9077F}.Release|Any CPU.Build.0 = Release|Any CPU
		{B3506D4A-2398-450B-B8AD-B70398A10A01}.Debug|Any CPU.ActiveCfg = Debug|Any CPU
		{B3506D4A-2398-450B-B8AD-B70398A10A01}.Debug|Any CPU.Build.0 = Debug|Any CPU
		{B3506D4A-2398-450B-B8AD-B70398A10A01}.Release|Any CPU.ActiveCfg = Release|Any CPU
		{B3506D4A-2398-450B-B8AD-B70398A10A01}.Release|Any CPU.Build.0 = Release|Any CPU
	EndGlobalSection
	GlobalSection(SolutionProperties) = preSolution
		HideSolutionNode = FALSE
	EndGlobalSection
	GlobalSection(ExtensibilityGlobals) = postSolution
		SolutionGuid = {32F59ED6-D47E-4AD1-904D-720528B98B2F}
	EndGlobalSection
EndGlobal
